{
  "requires": true,
  "lockfileVersion": 1,
  "dependencies": {
    "@tensorflow/tfjs-core": {
      "version": "0.13.7",
      "resolved": "https://registry.npmjs.org/@tensorflow/tfjs-core/-/tfjs-core-0.13.7.tgz",
      "integrity": "sha512-MJ42M9gvxWOZFE+USXlVcmv+Mm1ycTmrFRz3gW+pk8QCdA4thuZnG1euYN4Gzdw7C8wDERilo5XwWFgUS7Hn2Q==",
      "requires": {
        "@types/seedrandom": "2.4.27",
        "@types/webgl-ext": "0.0.30",
        "@types/webgl2": "0.0.4",
        "seedrandom": "2.4.3"
      }
    },
    "@types/seedrandom": {
      "version": "2.4.27",
      "resolved": "http://registry.npmjs.org/@types/seedrandom/-/seedrandom-2.4.27.tgz",
      "integrity": "sha1-nbVjk33YaRX2kJK8QyWdL0hXjkE="
    },
    "@types/webgl-ext": {
      "version": "0.0.30",
      "resolved": "https://registry.npmjs.org/@types/webgl-ext/-/webgl-ext-0.0.30.tgz",
      "integrity": "sha512-LKVgNmBxN0BbljJrVUwkxwRYqzsAEPcZOe6S2T6ZaBDIrFp0qu4FNlpc5sM1tGbXUYFgdVQIoeLk1Y1UoblyEg=="
    },
    "@types/webgl2": {
      "version": "0.0.4",
      "resolved": "https://registry.npmjs.org/@types/webgl2/-/webgl2-0.0.4.tgz",
      "integrity": "sha512-PACt1xdErJbMUOUweSrbVM7gSIYm1vTncW2hF6Os/EeWi6TXYAYMPp+8v6rzHmypE5gHrxaxZNXgMkJVIdZpHw=="
    },
    "face-api.js": {
      "version": "0.15.0",
      "resolved": "https://registry.npmjs.org/face-api.js/-/face-api.js-0.15.0.tgz",
      "integrity": "sha512-0oxamQgKZywoNNfJPOCXeS6Dyplz9s8fg5q/6PKYy7V/iuSK18rAbPCBGK0zetvkGG2NEtbT323D91f3XVVLQg==",
      "requires": {
        "@tensorflow/tfjs-core": "^0.13.2",
        "tfjs-image-recognition-base": "^0.1.3",
        "tfjs-tiny-yolov2": "^0.2.1",
        "tslib": "^1.9.3"
      }
    },
    "seedrandom": {
      "version": "2.4.3",
      "resolved": "https://registry.npmjs.org/seedrandom/-/seedrandom-2.4.3.tgz",
      "integrity": "sha1-JDhQTa0zkXMUv/GKxNeU8W1qrsw="
    },
    "tfjs-image-recognition-base": {
      "version": "0.1.3",
      "resolved": "https://registry.npmjs.org/tfjs-image-recognition-base/-/tfjs-image-recognition-base-0.1.3.tgz",
      "integrity": "sha512-Vo1arsSkOxtlBedWxw7w2V/mbpp70izAJPu0Cl6WE62ZJ0kLL6TmFphGAr3zKaqrZ0VOyADVedDqFic3aH84RQ==",
      "requires": {
        "@tensorflow/tfjs-core": "^0.13.2",
        "tslib": "^1.9.3"
      }
    },
    "tfjs-tiny-yolov2": {
      "version": "0.2.1",
      "resolved": "https://registry.npmjs.org/tfjs-tiny-yolov2/-/tfjs-tiny-yolov2-0.2.1.tgz",
      "integrity": "sha512-HSdBu6dMyQdtueY32wSO+5IajXDrvu7MufvUBaLD0CubKbfJWM1JogsONUkvp3N948UAI2/K35p9+eEP2woXpw==",
      "requires": {
        "@tensorflow/tfjs-core": "^0.13.2",
        "tfjs-image-recognition-base": "^0.1.2",
        "tslib": "^1.9.3"
      }
    },
    "tslib": {
      "version": "1.9.3",
      "resolved": "https://registry.npmjs.org/tslib/-/tslib-1.9.3.tgz",
      "integrity": "sha512-4krF8scpejhaOgqzBEcGM7yDIEfi0/8+8zDRZhNZZ2kjmHJ4hv3zCbQWxoJGz1iw5U0Jl0nma13xzHXcncMavQ=="
    }
  }
}
